
Microsoft Visual Studio Solution File, Format Version 12.00
# Visual Studio Version 16
VisualStudioVersion = 16.0.33927.289
MinimumVisualStudioVersion = 10.0.40219.1
Project("{2150E333-8FDC-42A3-9474-1A3956D46DE8}") = "Task0", "Task0", "{5FE55BD6-FDD8-4A74-8D35-72B6B500C8A1}"
EndProject
Project("{FAE04EC0-301F-11D3-BF4B-00C04F79EFBC}") = "Tyuiu.ZavgorodnyayaZA.Sprint3.Task0.V23", "Tyuiu.ZavgorodnyayaZA.Sprint3.Task0.V23\Tyuiu.ZavgorodnyayaZA.Sprint3.Task0.V23.csproj", "{D729D685-0A58-4683-BB9E-5AD4B348078A}"
EndProject
Project("{FAE04EC0-301F-11D3-BF4B-00C04F79EFBC}") = "Tyuiu.ZavgorodnyayaZA.Sprint3.Task0.V23.Test", "Tyuiu.ZavgorodnyayaZA.Sprint3.Task0.V23.Test\Tyuiu.ZavgorodnyayaZA.Sprint3.Task0.V23.Test.csproj", "{85A52589-4A2D-4CCD-8F80-D0066F00590C}"
EndProject
Project("{FAE04EC0-301F-11D3-BF4B-00C04F79EFBC}") = "Tyuiu.ZavgorodnyayaZA.Sprint3.Task0.V23.Lib", "Tyuiu.ZavgorodnyayaZA.Sprint3.Task0.V23.Lib\Tyuiu.ZavgorodnyayaZA.Sprint3.Task0.V23.Lib.csproj", "{EED18EBF-7222-4C54-8299-56355ED036DD}"
EndProject
Project("{2150E333-8FDC-42A3-9474-1A3956D46DE8}") = "Task1", "Task1", "{A76EBC4C-4424-426A-8CFD-5E3768925F1F}"
EndProject
Project("{FAE04EC0-301F-11D3-BF4B-00C04F79EFBC}") = "Tyuiu.ZavgorodnyayaZA.Sprint3.Task1.V6", "Tyuiu.ZavgorodnyayaZA.Sprint3.Task1.V6\Tyuiu.ZavgorodnyayaZA.Sprint3.Task1.V6.csproj", "{E4575880-2C62-4D17-814E-2D234123F1E1}"
EndProject
Project("{FAE04EC0-301F-11D3-BF4B-00C04F79EFBC}") = "Tyuiu.ZavgorodnyayaZA.Sprint3.Task1.V6.Lib", "Tyuiu.ZavgorodnyayaZA.Sprint3.Task1.V6.Lib\Tyuiu.ZavgorodnyayaZA.Sprint3.Task1.V6.Lib.csproj", "{30C6F4AD-8579-42B8-BB0E-1312CFBC13A7}"
EndProject
Project("{FAE04EC0-301F-11D3-BF4B-00C04F79EFBC}") = "Tyuiu.ZavgorodnyayaZA.Sprint3.Task1.V6.Test", "Tyuiu.ZavgorodnyayaZA.Sprint3.Task1.V6.Test\Tyuiu.ZavgorodnyayaZA.Sprint3.Task1.V6.Test.csproj", "{67F27AEC-3069-4E4B-81B3-0DA6387620F9}"
EndProject
Project("{2150E333-8FDC-42A3-9474-1A3956D46DE8}") = "Task2", "Task2", "{0AE9D4E5-01A9-4C3B-B807-7DCE1B204ED2}"
EndProject
Project("{FAE04EC0-301F-11D3-BF4B-00C04F79EFBC}") = "Tyuiu.ZavgorodnyayaZA.Sprint3.Task2.V20", "Tyuiu.ZavgorodnyayaZA.Sprint3.Task2.V20\Tyuiu.ZavgorodnyayaZA.Sprint3.Task2.V20.csproj", "{49999592-8058-472B-8329-0214E377C6F2}"
EndProject
Project("{FAE04EC0-301F-11D3-BF4B-00C04F79EFBC}") = "Tyuiu.ZavgorodnyayaZA.Sprint3.Task2.V20.Lib", "Tyuiu.ZavgorodnyayaZA.Sprint3.Task2.V20.Lib\Tyuiu.ZavgorodnyayaZA.Sprint3.Task2.V20.Lib.csproj", "{33B2C6FA-AC33-4F7D-B86F-2C6167F5CCC7}"
EndProject
Project("{FAE04EC0-301F-11D3-BF4B-00C04F79EFBC}") = "Tyuiu.ZavgorodnyayaZA.Sprint3.Task2.V20.Test", "Tyuiu.ZavgorodnyayaZA.Sprint3.Task2.V20.Test\Tyuiu.ZavgorodnyayaZA.Sprint3.Task2.V20.Test.csproj", "{378BF991-6CC7-4982-89C9-F2AB5237D32B}"
EndProject
Project("{2150E333-8FDC-42A3-9474-1A3956D46DE8}") = "Task3", "Task3", "{FC468575-29D1-4BA4-9360-D62BD924D10A}"
EndProject
Project("{FAE04EC0-301F-11D3-BF4B-00C04F79EFBC}") = "Tyuiu.ZavgorodnyayaZA.Sprint3.Task3.V28", "Tyuiu.ZavgorodnyayaZA.Sprint3.Task3.V28\Tyuiu.ZavgorodnyayaZA.Sprint3.Task3.V28.csproj", "{6FE3BA45-C2C0-4871-BFBB-15935DEB1DB8}"
EndProject
Project("{FAE04EC0-301F-11D3-BF4B-00C04F79EFBC}") = "Tyuiu.ZavgorodnyayaZA.Sprint3.Task3.V28.Lib", "Tyuiu.ZavgorodnyayaZA.Sprint3.Task3.V28.Lib\Tyuiu.ZavgorodnyayaZA.Sprint3.Task3.V28.Lib.csproj", "{FA5C36D2-FCAC-4342-9676-21A1D375694A}"
EndProject
Project("{FAE04EC0-301F-11D3-BF4B-00C04F79EFBC}") = "Tyuiu.ZavgorodnyayaZA.Sprint3.Task3.V28.Test", "Tyuiu.ZavgorodnyayaZA.Sprint3.Task3.V28.Test\Tyuiu.ZavgorodnyayaZA.Sprint3.Task3.V28.Test.csproj", "{D5CADE7A-81CD-4055-B113-684FDCAE01C2}"
EndProject
Project("{2150E333-8FDC-42A3-9474-1A3956D46DE8}") = "Task4", "Task4", "{D27807E2-8D9C-4808-BBEF-322B15FE30F6}"
EndProject
Project("{FAE04EC0-301F-11D3-BF4B-00C04F79EFBC}") = "Tyuiu.ZavgorodnyayaZA.Sprint3.Task4.V10", "Tyuiu.ZavgorodnyayaZA.Sprint3.Task4.V10\Tyuiu.ZavgorodnyayaZA.Sprint3.Task4.V10.csproj", "{E49DD62A-2CDC-4E2B-8BD1-3F14D1C1EEFC}"
EndProject
Project("{FAE04EC0-301F-11D3-BF4B-00C04F79EFBC}") = "Tyuiu.ZavgorodnyayaZA.Sprint3.Task4.V10.Lib", "Tyuiu.ZavgorodnyayaZA.Sprint3.Task4.V10.Lib\Tyuiu.ZavgorodnyayaZA.Sprint3.Task4.V10.Lib.csproj", "{F1361219-4A15-4E30-AE8E-13514AAF946B}"
EndProject
Project("{FAE04EC0-301F-11D3-BF4B-00C04F79EFBC}") = "Tyuiu.ZavgorodnyayaZA.Sprint3.Task4.V10.Test", "Tyuiu.ZavgorodnyayaZA.Sprint3.Task4.V10.Test\Tyuiu.ZavgorodnyayaZA.Sprint3.Task4.V10.Test.csproj", "{0A1E0FA4-4959-4021-9B8B-14FEBCBFD119}"
EndProject
Project("{2150E333-8FDC-42A3-9474-1A3956D46DE8}") = "Task5", "Task5", "{96E26BD6-ADDE-4865-86C6-E5236516F322}"
EndProject
Project("{FAE04EC0-301F-11D3-BF4B-00C04F79EFBC}") = "Tyuiu.ZavgorodnyayaZA.Sprint3.Task5.V18", "Tyuiu.ZavgorodnyayaZA.Sprint3.Task5.V18\Tyuiu.ZavgorodnyayaZA.Sprint3.Task5.V18.csproj", "{5962A2A9-0A04-4082-99EF-9CDB759623A7}"
EndProject
Project("{FAE04EC0-301F-11D3-BF4B-00C04F79EFBC}") = "Tyuiu.ZavgorodnyayaZA.Sprint3.Task5.V18.Lib", "Tyuiu.ZavgorodnyayaZA.Sprint3.Task5.V18.Lib\Tyuiu.ZavgorodnyayaZA.Sprint3.Task5.V18.Lib.csproj", "{7EFC83DE-BF4E-41EC-B8B9-4A7BDB6E9D6D}"
EndProject
Project("{FAE04EC0-301F-11D3-BF4B-00C04F79EFBC}") = "Tyuiu.ZavgorodnyayaZA.Sprint3.Task5.V18.Test", "Tyuiu.ZavgorodnyayaZA.Sprint3.Task5.V18.Test\Tyuiu.ZavgorodnyayaZA.Sprint3.Task5.V18.Test.csproj", "{1C83F319-103D-4445-8007-278EBFD78C53}"
EndProject
Project("{2150E333-8FDC-42A3-9474-1A3956D46DE8}") = "Task6", "Task6", "{98A0CC7C-93E9-4341-B9FA-4D7697E994BF}"
EndProject
Project("{FAE04EC0-301F-11D3-BF4B-00C04F79EFBC}") = "Tyuiu.ZavgorodnyayaZA.Sprint3.Task6.V21", "Tyuiu.ZavgorodnyayaZA.Sprint3.Task6.V21\Tyuiu.ZavgorodnyayaZA.Sprint3.Task6.V21.csproj", "{D2EEC58C-F25A-4D97-A818-3C0F24724761}"
EndProject
Project("{FAE04EC0-301F-11D3-BF4B-00C04F79EFBC}") = "Tyuiu.ZavgorodnyayaZA.Sprint3.Task6.V21.Lib", "Tyuiu.ZavgorodnyayaZA.Sprint3.Task6.V21.Lib\Tyuiu.ZavgorodnyayaZA.Sprint3.Task6.V21.Lib.csproj", "{F55CC1B4-0DD6-4643-BC15-39A9998514F3}"
EndProject
Project("{FAE04EC0-301F-11D3-BF4B-00C04F79EFBC}") = "Tyuiu.ZavgorodnyayaZA.Sprint3.Task6.V21.Test", "Tyuiu.ZavgorodnyayaZA.Sprint3.Task6.V21.Test\Tyuiu.ZavgorodnyayaZA.Sprint3.Task6.V21.Test.csproj", "{022D4389-7681-4B6B-A3F7-7BE5CEC2B428}"
EndProject
Project("{2150E333-8FDC-42A3-9474-1A3956D46DE8}") = "Task7", "Task7", "{765BFBB0-0AFC-4358-BAC0-94EE0D701A0B}"
EndProject
Project("{FAE04EC0-301F-11D3-BF4B-00C04F79EFBC}") = "Tyuiu.ZavgorodnyayaZA.Sprint3.Task7.V14", "Tyuiu.ZavgorodnyayaZA.Sprint3.Task7.V14\Tyuiu.ZavgorodnyayaZA.Sprint3.Task7.V14.csproj", "{88C3C444-9CCB-4C51-A79E-57BB82DFDECB}"
EndProject
Project("{FAE04EC0-301F-11D3-BF4B-00C04F79EFBC}") = "Tyuiu.ZavgorodnyayaZA.Sprint3.Task7.V14.Lib", "Tyuiu.ZavgorodnyayaZA.Sprint3.Task7.V14.Lib\Tyuiu.ZavgorodnyayaZA.Sprint3.Task7.V14.Lib.csproj", "{43792BFC-7D24-4253-AB87-F48EB7983376}"
EndProject
Project("{FAE04EC0-301F-11D3-BF4B-00C04F79EFBC}") = "Tyuiu.ZavgorodnyayaZA.Sprint3.Task7.V14.Test", "Tyuiu.ZavgorodnyayaZA.Sprint3.Task7.V14.Test\Tyuiu.ZavgorodnyayaZA.Sprint3.Task7.V14.Test.csproj", "{5572999F-CEFF-40F4-A8EA-8463D3E3AA9A}"
EndProject
Global
	GlobalSection(SolutionConfigurationPlatforms) = preSolution
		Debug|Any CPU = Debug|Any CPU
		Release|Any CPU = Release|Any CPU
	EndGlobalSection
	GlobalSection(ProjectConfigurationPlatforms) = postSolution
		{D729D685-0A58-4683-BB9E-5AD4B348078A}.Debug|Any CPU.ActiveCfg = Debug|Any CPU
		{D729D685-0A58-4683-BB9E-5AD4B348078A}.Debug|Any CPU.Build.0 = Debug|Any CPU
		{D729D685-0A58-4683-BB9E-5AD4B348078A}.Release|Any CPU.ActiveCfg = Release|Any CPU
		{D729D685-0A58-4683-BB9E-5AD4B348078A}.Release|Any CPU.Build.0 = Release|Any CPU
		{85A52589-4A2D-4CCD-8F80-D0066F00590C}.Debug|Any CPU.ActiveCfg = Debug|Any CPU
		{85A52589-4A2D-4CCD-8F80-D0066F00590C}.Debug|Any CPU.Build.0 = Debug|Any CPU
		{85A52589-4A2D-4CCD-8F80-D0066F00590C}.Release|Any CPU.ActiveCfg = Release|Any CPU
		{85A52589-4A2D-4CCD-8F80-D0066F00590C}.Release|Any CPU.Build.0 = Release|Any CPU
		{EED18EBF-7222-4C54-8299-56355ED036DD}.Debug|Any CPU.ActiveCfg = Debug|Any CPU
		{EED18EBF-7222-4C54-8299-56355ED036DD}.Debug|Any CPU.Build.0 = Debug|Any CPU
		{EED18EBF-7222-4C54-8299-56355ED036DD}.Release|Any CPU.ActiveCfg = Release|Any CPU
		{EED18EBF-7222-4C54-8299-56355ED036DD}.Release|Any CPU.Build.0 = Release|Any CPU
		{E4575880-2C62-4D17-814E-2D234123F1E1}.Debug|Any CPU.ActiveCfg = Debug|Any CPU
		{E4575880-2C62-4D17-814E-2D234123F1E1}.Debug|Any CPU.Build.0 = Debug|Any CPU
		{E4575880-2C62-4D17-814E-2D234123F1E1}.Release|Any CPU.ActiveCfg = Release|Any CPU
		{E4575880-2C62-4D17-814E-2D234123F1E1}.Release|Any CPU.Build.0 = Release|Any CPU
		{30C6F4AD-8579-42B8-BB0E-1312CFBC13A7}.Debug|Any CPU.ActiveCfg = Debug|Any CPU
		{30C6F4AD-8579-42B8-BB0E-1312CFBC13A7}.Debug|Any CPU.Build.0 = Debug|Any CPU
		{30C6F4AD-8579-42B8-BB0E-1312CFBC13A7}.Release|Any CPU.ActiveCfg = Release|Any CPU
		{30C6F4AD-8579-42B8-BB0E-1312CFBC13A7}.Release|Any CPU.Build.0 = Release|Any CPU
		{67F27AEC-3069-4E4B-81B3-0DA6387620F9}.Debug|Any CPU.ActiveCfg = Debug|Any CPU
		{67F27AEC-3069-4E4B-81B3-0DA6387620F9}.Debug|Any CPU.Build.0 = Debug|Any CPU
		{67F27AEC-3069-4E4B-81B3-0DA6387620F9}.Release|Any CPU.ActiveCfg = Release|Any CPU
		{67F27AEC-3069-4E4B-81B3-0DA6387620F9}.Release|Any CPU.Build.0 = Release|Any CPU
		{49999592-8058-472B-8329-0214E377C6F2}.Debug|Any CPU.ActiveCfg = Debug|Any CPU
		{49999592-8058-472B-8329-0214E377C6F2}.Debug|Any CPU.Build.0 = Debug|Any CPU
		{49999592-8058-472B-8329-0214E377C6F2}.Release|Any CPU.ActiveCfg = Release|Any CPU
		{49999592-8058-472B-8329-0214E377C6F2}.Release|Any CPU.Build.0 = Release|Any CPU
		{33B2C6FA-AC33-4F7D-B86F-2C6167F5CCC7}.Debug|Any CPU.ActiveCfg = Debug|Any CPU
		{33B2C6FA-AC33-4F7D-B86F-2C6167F5CCC7}.Debug|Any CPU.Build.0 = Debug|Any CPU
		{33B2C6FA-AC33-4F7D-B86F-2C6167F5CCC7}.Release|Any CPU.ActiveCfg = Release|Any CPU
		{33B2C6FA-AC33-4F7D-B86F-2C6167F5CCC7}.Release|Any CPU.Build.0 = Release|Any CPU
		{378BF991-6CC7-4982-89C9-F2AB5237D32B}.Debug|Any CPU.ActiveCfg = Debug|Any CPU
		{378BF991-6CC7-4982-89C9-F2AB5237D32B}.Debug|Any CPU.Build.0 = Debug|Any CPU
		{378BF991-6CC7-4982-89C9-F2AB5237D32B}.Release|Any CPU.ActiveCfg = Release|Any CPU
		{378BF991-6CC7-4982-89C9-F2AB5237D32B}.Release|Any CPU.Build.0 = Release|Any CPU
		{6FE3BA45-C2C0-4871-BFBB-15935DEB1DB8}.Debug|Any CPU.ActiveCfg = Debug|Any CPU
		{6FE3BA45-C2C0-4871-BFBB-15935DEB1DB8}.Debug|Any CPU.Build.0 = Debug|Any CPU
		{6FE3BA45-C2C0-4871-BFBB-15935DEB1DB8}.Release|Any CPU.ActiveCfg = Release|Any CPU
		{6FE3BA45-C2C0-4871-BFBB-15935DEB1DB8}.Release|Any CPU.Build.0 = Release|Any CPU
		{FA5C36D2-FCAC-4342-9676-21A1D375694A}.Debug|Any CPU.ActiveCfg = Debug|Any CPU
		{FA5C36D2-FCAC-4342-9676-21A1D375694A}.Debug|Any CPU.Build.0 = Debug|Any CPU
		{FA5C36D2-FCAC-4342-9676-21A1D375694A}.Release|Any CPU.ActiveCfg = Release|Any CPU
		{FA5C36D2-FCAC-4342-9676-21A1D375694A}.Release|Any CPU.Build.0 = Release|Any CPU
		{D5CADE7A-81CD-4055-B113-684FDCAE01C2}.Debug|Any CPU.ActiveCfg = Debug|Any CPU
		{D5CADE7A-81CD-4055-B113-684FDCAE01C2}.Debug|Any CPU.Build.0 = Debug|Any CPU
		{D5CADE7A-81CD-4055-B113-684FDCAE01C2}.Release|Any CPU.ActiveCfg = Release|Any CPU
		{D5CADE7A-81CD-4055-B113-684FDCAE01C2}.Release|Any CPU.Build.0 = Release|Any CPU
		{E49DD62A-2CDC-4E2B-8BD1-3F14D1C1EEFC}.Debug|Any CPU.ActiveCfg = Debug|Any CPU
		{E49DD62A-2CDC-4E2B-8BD1-3F14D1C1EEFC}.Debug|Any CPU.Build.0 = Debug|Any CPU
		{E49DD62A-2CDC-4E2B-8BD1-3F14D1C1EEFC}.Release|Any CPU.ActiveCfg = Release|Any CPU
		{E49DD62A-2CDC-4E2B-8BD1-3F14D1C1EEFC}.Release|Any CPU.Build.0 = Release|Any CPU
		{F1361219-4A15-4E30-AE8E-13514AAF946B}.Debug|Any CPU.ActiveCfg = Debug|Any CPU
		{F1361219-4A15-4E30-AE8E-13514AAF946B}.Debug|Any CPU.Build.0 = Debug|Any CPU
		{F1361219-4A15-4E30-AE8E-13514AAF946B}.Release|Any CPU.ActiveCfg = Release|Any CPU
		{F1361219-4A15-4E30-AE8E-13514AAF946B}.Release|Any CPU.Build.0 = Release|Any CPU
		{0A1E0FA4-4959-4021-9B8B-14FEBCBFD119}.Debug|Any CPU.ActiveCfg = Debug|Any CPU
		{0A1E0FA4-4959-4021-9B8B-14FEBCBFD119}.Debug|Any CPU.Build.0 = Debug|Any CPU
		{0A1E0FA4-4959-4021-9B8B-14FEBCBFD119}.Release|Any CPU.ActiveCfg = Release|Any CPU
		{0A1E0FA4-4959-4021-9B8B-14FEBCBFD119}.Release|Any CPU.Build.0 = Release|Any CPU
		{5962A2A9-0A04-4082-99EF-9CDB759623A7}.Debug|Any CPU.ActiveCfg = Debug|Any CPU
		{5962A2A9-0A04-4082-99EF-9CDB759623A7}.Debug|Any CPU.Build.0 = Debug|Any CPU
		{5962A2A9-0A04-4082-99EF-9CDB759623A7}.Release|Any CPU.ActiveCfg = Release|Any CPU
		{5962A2A9-0A04-4082-99EF-9CDB759623A7}.Release|Any CPU.Build.0 = Release|Any CPU
		{7EFC83DE-BF4E-41EC-B8B9-4A7BDB6E9D6D}.Debug|Any CPU.ActiveCfg = Debug|Any CPU
		{7EFC83DE-BF4E-41EC-B8B9-4A7BDB6E9D6D}.Debug|Any CPU.Build.0 = Debug|Any CPU
		{7EFC83DE-BF4E-41EC-B8B9-4A7BDB6E9D6D}.Release|Any CPU.ActiveCfg = Release|Any CPU
		{7EFC83DE-BF4E-41EC-B8B9-4A7BDB6E9D6D}.Release|Any CPU.Build.0 = Release|Any CPU
		{1C83F319-103D-4445-8007-278EBFD78C53}.Debug|Any CPU.ActiveCfg = Debug|Any CPU
		{1C83F319-103D-4445-8007-278EBFD78C53}.Debug|Any CPU.Build.0 = Debug|Any CPU
		{1C83F319-103D-4445-8007-278EBFD78C53}.Release|Any CPU.ActiveCfg = Release|Any CPU
		{1C83F319-103D-4445-8007-278EBFD78C53}.Release|Any CPU.Build.0 = Release|Any CPU
		{D2EEC58C-F25A-4D97-A818-3C0F24724761}.Debug|Any CPU.ActiveCfg = Debug|Any CPU
		{D2EEC58C-F25A-4D97-A818-3C0F24724761}.Debug|Any CPU.Build.0 = Debug|Any CPU
		{D2EEC58C-F25A-4D97-A818-3C0F24724761}.Release|Any CPU.ActiveCfg = Release|Any CPU
		{D2EEC58C-F25A-4D97-A818-3C0F24724761}.Release|Any CPU.Build.0 = Release|Any CPU
		{F55CC1B4-0DD6-4643-BC15-39A9998514F3}.Debug|Any CPU.ActiveCfg = Debug|Any CPU
		{F55CC1B4-0DD6-4643-BC15-39A9998514F3}.Debug|Any CPU.Build.0 = Debug|Any CPU
		{F55CC1B4-0DD6-4643-BC15-39A9998514F3}.Release|Any CPU.ActiveCfg = Release|Any CPU
		{F55CC1B4-0DD6-4643-BC15-39A9998514F3}.Release|Any CPU.Build.0 = Release|Any CPU
		{022D4389-7681-4B6B-A3F7-7BE5CEC2B428}.Debug|Any CPU.ActiveCfg = Debug|Any CPU
		{022D4389-7681-4B6B-A3F7-7BE5CEC2B428}.Debug|Any CPU.Build.0 = Debug|Any CPU
		{022D4389-7681-4B6B-A3F7-7BE5CEC2B428}.Release|Any CPU.ActiveCfg = Release|Any CPU
		{022D4389-7681-4B6B-A3F7-7BE5CEC2B428}.Release|Any CPU.Build.0 = Release|Any CPU
		{88C3C444-9CCB-4C51-A79E-57BB82DFDECB}.Debug|Any CPU.ActiveCfg = Debug|Any CPU
		{88C3C444-9CCB-4C51-A79E-57BB82DFDECB}.Debug|Any CPU.Build.0 = Debug|Any CPU
		{88C3C444-9CCB-4C51-A79E-57BB82DFDECB}.Release|Any CPU.ActiveCfg = Release|Any CPU
		{88C3C444-9CCB-4C51-A79E-57BB82DFDECB}.Release|Any CPU.Build.0 = Release|Any CPU
		{43792BFC-7D24-4253-AB87-F48EB7983376}.Debug|Any CPU.ActiveCfg = Debug|Any CPU
		{43792BFC-7D24-4253-AB87-F48EB7983376}.Debug|Any CPU.Build.0 = Debug|Any CPU
		{43792BFC-7D24-4253-AB87-F48EB7983376}.Release|Any CPU.ActiveCfg = Release|Any CPU
		{43792BFC-7D24-4253-AB87-F48EB7983376}.Release|Any CPU.Build.0 = Release|Any CPU
		{5572999F-CEFF-40F4-A8EA-8463D3E3AA9A}.Debug|Any CPU.ActiveCfg = Debug|Any CPU
		{5572999F-CEFF-40F4-A8EA-8463D3E3AA9A}.Debug|Any CPU.Build.0 = Debug|Any CPU
		{5572999F-CEFF-40F4-A8EA-8463D3E3AA9A}.Release|Any CPU.ActiveCfg = Release|Any CPU
		{5572999F-CEFF-40F4-A8EA-8463D3E3AA9A}.Release|Any CPU.Build.0 = Release|Any CPU
	EndGlobalSection
	GlobalSection(SolutionProperties) = preSolution
		HideSolutionNode = FALSE
	EndGlobalSection
	GlobalSection(NestedProjects) = preSolution
		{D729D685-0A58-4683-BB9E-5AD4B348078A} = {5FE55BD6-FDD8-4A74-8D35-72B6B500C8A1}
		{85A52589-4A2D-4CCD-8F80-D0066F00590C} = {5FE55BD6-FDD8-4A74-8D35-72B6B500C8A1}
		{EED18EBF-7222-4C54-8299-56355ED036DD} = {5FE55BD6-FDD8-4A74-8D35-72B6B500C8A1}
		{E4575880-2C62-4D17-814E-2D234123F1E1} = {A76EBC4C-4424-426A-8CFD-5E3768925F1F}
		{30C6F4AD-8579-42B8-BB0E-1312CFBC13A7} = {A76EBC4C-4424-426A-8CFD-5E3768925F1F}
		{67F27AEC-3069-4E4B-81B3-0DA6387620F9} = {A76EBC4C-4424-426A-8CFD-5E3768925F1F}
		{49999592-8058-472B-8329-0214E377C6F2} = {0AE9D4E5-01A9-4C3B-B807-7DCE1B204ED2}
		{33B2C6FA-AC33-4F7D-B86F-2C6167F5CCC7} = {0AE9D4E5-01A9-4C3B-B807-7DCE1B204ED2}
		{378BF991-6CC7-4982-89C9-F2AB5237D32B} = {0AE9D4E5-01A9-4C3B-B807-7DCE1B204ED2}
		{6FE3BA45-C2C0-4871-BFBB-15935DEB1DB8} = {FC468575-29D1-4BA4-9360-D62BD924D10A}
		{FA5C36D2-FCAC-4342-9676-21A1D375694A} = {FC468575-29D1-4BA4-9360-D62BD924D10A}
		{D5CADE7A-81CD-4055-B113-684FDCAE01C2} = {FC468575-29D1-4BA4-9360-D62BD924D10A}
		{E49DD62A-2CDC-4E2B-8BD1-3F14D1C1EEFC} = {D27807E2-8D9C-4808-BBEF-322B15FE30F6}
		{F1361219-4A15-4E30-AE8E-13514AAF946B} = {D27807E2-8D9C-4808-BBEF-322B15FE30F6}
		{0A1E0FA4-4959-4021-9B8B-14FEBCBFD119} = {D27807E2-8D9C-4808-BBEF-322B15FE30F6}
		{5962A2A9-0A04-4082-99EF-9CDB759623A7} = {96E26BD6-ADDE-4865-86C6-E5236516F322}
		{7EFC83DE-BF4E-41EC-B8B9-4A7BDB6E9D6D} = {96E26BD6-ADDE-4865-86C6-E5236516F322}
		{1C83F319-103D-4445-8007-278EBFD78C53} = {96E26BD6-ADDE-4865-86C6-E5236516F322}
		{D2EEC58C-F25A-4D97-A818-3C0F24724761} = {98A0CC7C-93E9-4341-B9FA-4D7697E994BF}
		{F55CC1B4-0DD6-4643-BC15-39A9998514F3} = {98A0CC7C-93E9-4341-B9FA-4D7697E994BF}
		{022D4389-7681-4B6B-A3F7-7BE5CEC2B428} = {98A0CC7C-93E9-4341-B9FA-4D7697E994BF}
		{88C3C444-9CCB-4C51-A79E-57BB82DFDECB} = {765BFBB0-0AFC-4358-BAC0-94EE0D701A0B}
		{43792BFC-7D24-4253-AB87-F48EB7983376} = {765BFBB0-0AFC-4358-BAC0-94EE0D701A0B}
		{5572999F-CEFF-40F4-A8EA-8463D3E3AA9A} = {765BFBB0-0AFC-4358-BAC0-94EE0D701A0B}
	EndGlobalSection
	GlobalSection(ExtensibilityGlobals) = postSolution
		SolutionGuid = {57B44765-AA0D-4370-A644-5E900D686FB4}
	EndGlobalSection
EndGlobal
